
Microsoft Visual Studio Solution File, Format Version 12.00
# Visual Studio Version 16
VisualStudioVersion = 16.0.30503.244
MinimumVisualStudioVersion = 10.0.40219.1
Project("{888888A0-9F3D-457C-B088-3A5042F75D52}") = "Vigener", "Vigener.pyproj", "{DA8DD2AD-4C49-40D6-8FFE-A1A9518E1CF8}"
EndProject
Global
	GlobalSection(SolutionConfigurationPlatforms) = preSolution
		Debug|Any CPU = Debug|Any CPU
		Release|Any CPU = Release|Any CPU
	EndGlobalSection
	GlobalSection(ProjectConfigurationPlatforms) = postSolution
		{DA8DD2AD-4C49-40D6-8FFE-A1A9518E1CF8}.Debug|Any CPU.ActiveCfg = Debug|Any CPU
		{DA8DD2AD-4C49-40D6-8FFE-A1A9518E1CF8}.Release|Any CPU.ActiveCfg = Release|Any CPU
	EndGlobalSection
	GlobalSection(SolutionProperties) = preSolution
		HideSolutionNode = FALSE
	EndGlobalSection
	GlobalSection(ExtensibilityGlobals) = postSolution
		SolutionGuid = {98DE1DB1-05B1-4830-9C64-DE41D0388323}
	EndGlobalSection
EndGlobal
