
Microsoft Visual Studio Solution File, Format Version 12.00
# Visual Studio Version 16
VisualStudioVersion = 16.0.30503.244
MinimumVisualStudioVersion = 10.0.40219.1
Project("{888888A0-9F3D-457C-B088-3A5042F75D52}") = "Quotient", "Quotient.pyproj", "{3388608A-89C0-4EF1-8DDF-F96751652DFC}"
EndProject
Global
	GlobalSection(SolutionConfigurationPlatforms) = preSolution
		Debug|Any CPU = Debug|Any CPU
		Release|Any CPU = Release|Any CPU
	EndGlobalSection
	GlobalSection(ProjectConfigurationPlatforms) = postSolution
		{3388608A-89C0-4EF1-8DDF-F96751652DFC}.Debug|Any CPU.ActiveCfg = Debug|Any CPU
		{3388608A-89C0-4EF1-8DDF-F96751652DFC}.Release|Any CPU.ActiveCfg = Release|Any CPU
	EndGlobalSection
	GlobalSection(SolutionProperties) = preSolution
		HideSolutionNode = FALSE
	EndGlobalSection
	GlobalSection(ExtensibilityGlobals) = postSolution
		SolutionGuid = {A50BF951-6ACC-4F11-84A1-AA6FE6C8A1D5}
	EndGlobalSection
EndGlobal
