
Microsoft Visual Studio Solution File, Format Version 12.00
# Visual Studio Version 16
VisualStudioVersion = 16.0.30503.244
MinimumVisualStudioVersion = 10.0.40219.1
Project("{888888A0-9F3D-457C-B088-3A5042F75D52}") = "IntroToObjects", "IntroToObjects.pyproj", "{B97D7557-BA03-430D-A85D-68FC9F2D1F03}"
EndProject
Global
	GlobalSection(SolutionConfigurationPlatforms) = preSolution
		Debug|Any CPU = Debug|Any CPU
		Release|Any CPU = Release|Any CPU
	EndGlobalSection
	GlobalSection(ProjectConfigurationPlatforms) = postSolution
		{B97D7557-BA03-430D-A85D-68FC9F2D1F03}.Debug|Any CPU.ActiveCfg = Debug|Any CPU
		{B97D7557-BA03-430D-A85D-68FC9F2D1F03}.Release|Any CPU.ActiveCfg = Release|Any CPU
	EndGlobalSection
	GlobalSection(SolutionProperties) = preSolution
		HideSolutionNode = FALSE
	EndGlobalSection
	GlobalSection(ExtensibilityGlobals) = postSolution
		SolutionGuid = {70F20914-7BFE-4668-91C8-6DEF14CA02E0}
	EndGlobalSection
EndGlobal
